
Microsoft Visual Studio Solution File, Format Version 12.00
# Visual Studio Version 17
VisualStudioVersion = 17.9.34622.214
MinimumVisualStudioVersion = 10.0.40219.1
Project("{FAE04EC0-301F-11D3-BF4B-00C04F79EFBC}") = "Sokoban", "Sokoban.csproj", "{96B2E809-311F-449E-8C55-AB7F850D6A2D}"
EndProject
Project("{2150E333-8FDC-42A3-9474-1A3956D46DE8}") = "솔루션 항목", "솔루션 항목", "{1E4E4B42-A88A-4284-96CA-8B2CE07CE461}"
	ProjectSection(SolutionItems) = preProject
		Define.cs = Define.cs
		Map.cs = Map.cs
	EndProjectSection
EndProject
Global
	GlobalSection(SolutionConfigurationPlatforms) = preSolution
		Debug|Any CPU = Debug|Any CPU
		Release|Any CPU = Release|Any CPU
	EndGlobalSection
	GlobalSection(ProjectConfigurationPlatforms) = postSolution
		{96B2E809-311F-449E-8C55-AB7F850D6A2D}.Debug|Any CPU.ActiveCfg = Debug|Any CPU
		{96B2E809-311F-449E-8C55-AB7F850D6A2D}.Debug|Any CPU.Build.0 = Debug|Any CPU
		{96B2E809-311F-449E-8C55-AB7F850D6A2D}.Release|Any CPU.ActiveCfg = Release|Any CPU
		{96B2E809-311F-449E-8C55-AB7F850D6A2D}.Release|Any CPU.Build.0 = Release|Any CPU
	EndGlobalSection
	GlobalSection(SolutionProperties) = preSolution
		HideSolutionNode = FALSE
	EndGlobalSection
	GlobalSection(ExtensibilityGlobals) = postSolution
		SolutionGuid = {ED397818-6986-4630-92B5-4085CB33DC2D}
	EndGlobalSection
EndGlobal
